// !$*UTF8*$!
{
	archiveVersion = 1;
	classes = {
	};
	objectVersion = 48;
	objects = {

/* Begin PBXBuildFile section */
		5BE44F031FB8697D00B09E8E /* AppDelegate.m in Sources */ = {isa = PBXBuildFile; fileRef = 5BE44F021FB8697D00B09E8E /* AppDelegate.m */; };
		5BE44F061FB8697D00B09E8E /* ViewController.m in Sources */ = {isa = PBXBuildFile; fileRef = 5BE44F051FB8697D00B09E8E /* ViewController.m */; };
		5BE44F091FB8697D00B09E8E /* Main.storyboard in Resources */ = {isa = PBXBuildFile; fileRef = 5BE44F071FB8697D00B09E8E /* Main.storyboard */; };
		5BE44F0B1FB8697D00B09E8E /* Assets.xcassets in Resources */ = {isa = PBXBuildFile; fileRef = 5BE44F0A1FB8697D00B09E8E /* Assets.xcassets */; };
		5BE44F0E1FB8697D00B09E8E /* LaunchScreen.storyboard in Resources */ = {isa = PBXBuildFile; fileRef = 5BE44F0C1FB8697D00B09E8E /* LaunchScreen.storyboard */; };
		5BE44F111FB8697D00B09E8E /* main.m in Sources */ = {isa = PBXBuildFile; fileRef = 5BE44F101FB8697D00B09E8E /* main.m */; };
		5BE44FAF1FB873CB00B09E8E /* Hearts_11.jpg in Resources */ = {isa = PBXBuildFile; fileRef = 5BE44F7E1FB873C700B09E8E /* Hearts_11.jpg */; };
		5BE44FB01FB873CB00B09E8E /* Hearts_00.jpg in Resources */ = {isa = PBXBuildFile; fileRef = 5BE44F7F1FB873C700B09E8E /* Hearts_00.jpg */; };
		5BE44FB11FB873CB00B09E8E /* Hearts_29.jpg in Resources */ = {isa = PBXBuildFile; fileRef = 5BE44F801FB873C700B09E8E /* Hearts_29.jpg */; };
		5BE44FB21FB873CB00B09E8E /* Hearts_20.jpg in Resources */ = {isa = PBXBuildFile; fileRef = 5BE44F811FB873C700B09E8E /* Hearts_20.jpg */; };
		5BE44FB31FB873CB00B09E8E /* Hearts_25.jpg in Resources */ = {isa = PBXBuildFile; fileRef = 5BE44F821FB873C700B09E8E /* Hearts_25.jpg */; };
		5BE44FB41FB873CB00B09E8E /* Hearts_33.jpg in Resources */ = {isa = PBXBuildFile; fileRef = 5BE44F831FB873C700B09E8E /* Hearts_33.jpg */; };
		5BE44FB51FB873CB00B09E8E /* Hearts_35.jpg in Resources */ = {isa = PBXBuildFile; fileRef = 5BE44F841FB873C700B09E8E /* Hearts_35.jpg */; };
		5BE44FB61FB873CB00B09E8E /* Landscape.jpg in Resources */ = {isa = PBXBuildFile; fileRef = 5BE44F851FB873C700B09E8E /* Landscape.jpg */; };
		5BE44FB71FB873CB00B09E8E /* Hearts_28.jpg in Resources */ = {isa = PBXBuildFile; fileRef = 5BE44F861FB873C700B09E8E /* Hearts_28.jpg */; };
		5BE44FB81FB873CB00B09E8E /* Hearts_02.jpg in Resources */ = {isa = PBXBuildFile; fileRef = 5BE44F871FB873C700B09E8E /* Hearts_02.jpg */; };
		5BE44FB91FB873CB00B09E8E /* Hearts_22.jpg in Resources */ = {isa = PBXBuildFile; fileRef = 5BE44F881FB873C800B09E8E /* Hearts_22.jpg */; };
		5BE44FBA1FB873CB00B09E8E /* Hearts_12.jpg in Resources */ = {isa = PBXBuildFile; fileRef = 5BE44F891FB873C800B09E8E /* Hearts_12.jpg */; };
		5BE44FBB1FB873CB00B09E8E /* Hearts_30.jpg in Resources */ = {isa = PBXBuildFile; fileRef = 5BE44F8A1FB873C800B09E8E /* Hearts_30.jpg */; };
		5BE44FBC1FB873CB00B09E8E /* Hearts_36.jpg in Resources */ = {isa = PBXBuildFile; fileRef = 5BE44F8B1FB873C800B09E8E /* Hearts_36.jpg */; };
		5BE44FBD1FB873CB00B09E8E /* Hearts_13.jpg in Resources */ = {isa = PBXBuildFile; fileRef = 5BE44F8C1FB873C800B09E8E /* Hearts_13.jpg */; };
		5BE44FBE1FB873CB00B09E8E /* Hearts_21.jpg in Resources */ = {isa = PBXBuildFile; fileRef = 5BE44F8D1FB873C800B09E8E /* Hearts_21.jpg */; };
		5BE44FBF1FB873CB00B09E8E /* Hearts_26.jpg in Resources */ = {isa = PBXBuildFile; fileRef = 5BE44F8E1FB873C800B09E8E /* Hearts_26.jpg */; };
		5BE44FC01FB873CB00B09E8E /* Hearts_10.jpg in Resources */ = {isa = PBXBuildFile; fileRef = 5BE44F8F1FB873C800B09E8E /* Hearts_10.jpg */; };
		5BE44FC11FB873CB00B09E8E /* Hearts_14.jpg in Resources */ = {isa = PBXBuildFile; fileRef = 5BE44F901FB873C800B09E8E /* Hearts_14.jpg */; };
		5BE44FC21FB873CB00B09E8E /* Hearts_45.jpg in Resources */ = {isa = PBXBuildFile; fileRef = 5BE44F911FB873C800B09E8E /* Hearts_45.jpg */; };
		5BE44FC31FB873CB00B09E8E /* Hearts_46.jpg in Resources */ = {isa = PBXBuildFile; fileRef = 5BE44F921FB873C800B09E8E /* Hearts_46.jpg */; };
		5BE44FC41FB873CB00B09E8E /* Hearts_42.jpg in Resources */ = {isa = PBXBuildFile; fileRef = 5BE44F931FB873C800B09E8E /* Hearts_42.jpg */; };
		5BE44FC51FB873CB00B09E8E /* Hearts_09.jpg in Resources */ = {isa = PBXBuildFile; fileRef = 5BE44F941FB873C800B09E8E /* Hearts_09.jpg */; };
		5BE44FC61FB873CB00B09E8E /* Hearts_24.jpg in Resources */ = {isa = PBXBuildFile; fileRef = 5BE44F951FB873C800B09E8E /* Hearts_24.jpg */; };
		5BE44FC71FB873CB00B09E8E /* Hearts_05.jpg in Resources */ = {isa = PBXBuildFile; fileRef = 5BE44F961FB873C800B09E8E /* Hearts_05.jpg */; };
		5BE44FC81FB873CB00B09E8E /* Hearts_34.jpg in Resources */ = {isa = PBXBuildFile; fileRef = 5BE44F971FB873C900B09E8E /* Hearts_34.jpg */; };
		5BE44FC91FB873CB00B09E8E /* Hearts_17.jpg in Resources */ = {isa = PBXBuildFile; fileRef = 5BE44F981FB873C900B09E8E /* Hearts_17.jpg */; };
		5BE44FCA1FB873CB00B09E8E /* Hearts_27.jpg in Resources */ = {isa = PBXBuildFile; fileRef = 5BE44F991FB873C900B09E8E /* Hearts_27.jpg */; };
		5BE44FCB1FB873CB00B09E8E /* Hearts_06.jpg in Resources */ = {isa = PBXBuildFile; fileRef = 5BE44F9A1FB873C900B09E8E /* Hearts_06.jpg */; };
		5BE44FCC1FB873CB00B09E8E /* Hearts_44.jpg in Resources */ = {isa = PBXBuildFile; fileRef = 5BE44F9B1FB873C900B09E8E /* Hearts_44.jpg */; };
		5BE44FCD1FB873CB00B09E8E /* Hearts_18.jpg in Resources */ = {isa = PBXBuildFile; fileRef = 5BE44F9C1FB873C900B09E8E /* Hearts_18.jpg */; };
		5BE44FCE1FB873CB00B09E8E /* Hearts_15.jpg in Resources */ = {isa = PBXBuildFile; fileRef = 5BE44F9D1FB873C900B09E8E /* Hearts_15.jpg */; };
		5BE44FCF1FB873CB00B09E8E /* Hearts_47.jpg in Resources */ = {isa = PBXBuildFile; fileRef = 5BE44F9E1FB873C900B09E8E /* Hearts_47.jpg */; };
		5BE44FD01FB873CB00B09E8E /* Hearts_16.jpg in Resources */ = {isa = PBXBuildFile; fileRef = 5BE44F9F1FB873C900B09E8E /* Hearts_16.jpg */; };
		5BE44FD11FB873CB00B09E8E /* Hearts_37.jpg in Resources */ = {isa = PBXBuildFile; fileRef = 5BE44FA01FB873C900B09E8E /* Hearts_37.jpg */; };
		5BE44FD21FB873CB00B09E8E /* Hearts_40.jpg in Resources */ = {isa = PBXBuildFile; fileRef = 5BE44FA11FB873C900B09E8E /* Hearts_40.jpg */; };
		5BE44FD31FB873CB00B09E8E /* Hearts_31.jpg in Resources */ = {isa = PBXBuildFile; fileRef = 5BE44FA21FB873CA00B09E8E /* Hearts_31.jpg */; };
		5BE44FD41FB873CB00B09E8E /* Hearts_08.jpg in Resources */ = {isa = PBXBuildFile; fileRef = 5BE44FA31FB873CA00B09E8E /* Hearts_08.jpg */; };
		5BE44FD51FB873CB00B09E8E /* Hearts_38.jpg in Resources */ = {isa = PBXBuildFile; fileRef = 5BE44FA41FB873CA00B09E8E /* Hearts_38.jpg */; };
		5BE44FD61FB873CB00B09E8E /* Hearts_04.jpg in Resources */ = {isa = PBXBuildFile; fileRef = 5BE44FA51FB873CA00B09E8E /* Hearts_04.jpg */; };
		5BE44FD71FB873CB00B09E8E /* Hearts_01.jpg in Resources */ = {isa = PBXBuildFile; fileRef = 5BE44FA61FB873CA00B09E8E /* Hearts_01.jpg */; };
		5BE44FD81FB873CB00B09E8E /* Hearts_23.jpg in Resources */ = {isa = PBXBuildFile; fileRef = 5BE44FA71FB873CA00B09E8E /* Hearts_23.jpg */; };
		5BE44FD91FB873CB00B09E8E /* Hearts_07.jpg in Resources */ = {isa = PBXBuildFile; fileRef = 5BE44FA81FB873CA00B09E8E /* Hearts_07.jpg */; };
		5BE44FDA1FB873CB00B09E8E /* Hearts_32.jpg in Resources */ = {isa = PBXBuildFile; fileRef = 5BE44FA91FB873CA00B09E8E /* Hearts_32.jpg */; };
		5BE44FDB1FB873CB00B09E8E /* Hearts_43.jpg in Resources */ = {isa = PBXBuildFile; fileRef = 5BE44FAA1FB873CB00B09E8E /* Hearts_43.jpg */; };
		5BE44FDC1FB873CB00B09E8E /* Hearts_03.jpg in Resources */ = {isa = PBXBuildFile; fileRef = 5BE44FAB1FB873CB00B09E8E /* Hearts_03.jpg */; };
		5BE44FDD1FB873CB00B09E8E /* Hearts_19.jpg in Resources */ = {isa = PBXBuildFile; fileRef = 5BE44FAC1FB873CB00B09E8E /* Hearts_19.jpg */; };
		5BE44FDE1FB873CB00B09E8E /* Hearts_41.jpg in Resources */ = {isa = PBXBuildFile; fileRef = 5BE44FAD1FB873CB00B09E8E /* Hearts_41.jpg */; };
		5BE44FDF1FB873CB00B09E8E /* Hearts_39.jpg in Resources */ = {isa = PBXBuildFile; fileRef = 5BE44FAE1FB873CB00B09E8E /* Hearts_39.jpg */; };
/* End PBXBuildFile section */

/* Begin PBXFileReference section */
		5BE44EFE1FB8697D00B09E8E /* CIBugTest.app */ = {isa = PBXFileReference; explicitFileType = wrapper.application; includeInIndex = 0; path = CIBugTest.app; sourceTree = BUILT_PRODUCTS_DIR; };
		5BE44F011FB8697D00B09E8E /* AppDelegate.h */ = {isa = PBXFileReference; lastKnownFileType = sourcecode.c.h; path = AppDelegate.h; sourceTree = "<group>"; };
		5BE44F021FB8697D00B09E8E /* AppDelegate.m */ = {isa = PBXFileReference; lastKnownFileType = sourcecode.c.objc; path = AppDelegate.m; sourceTree = "<group>"; };
		5BE44F041FB8697D00B09E8E /* ViewController.h */ = {isa = PBXFileReference; lastKnownFileType = sourcecode.c.h; path = ViewController.h; sourceTree = "<group>"; };
		5BE44F051FB8697D00B09E8E /* ViewController.m */ = {isa = PBXFileReference; lastKnownFileType = sourcecode.c.objc; path = ViewController.m; sourceTree = "<group>"; };
		5BE44F081FB8697D00B09E8E /* Base */ = {isa = PBXFileReference; lastKnownFileType = file.storyboard; name = Base; path = Base.lproj/Main.storyboard; sourceTree = "<group>"; };
		5BE44F0A1FB8697D00B09E8E /* Assets.xcassets */ = {isa = PBXFileReference; lastKnownFileType = folder.assetcatalog; path = Assets.xcassets; sourceTree = "<group>"; };
		5BE44F0D1FB8697D00B09E8E /* Base */ = {isa = PBXFileReference; lastKnownFileType = file.storyboard; name = Base; path = Base.lproj/LaunchScreen.storyboard; sourceTree = "<group>"; };
		5BE44F0F1FB8697D00B09E8E /* Info.plist */ = {isa = PBXFileReference; lastKnownFileType = text.plist.xml; path = Info.plist; sourceTree = "<group>"; };
		5BE44F101FB8697D00B09E8E /* main.m */ = {isa = PBXFileReference; lastKnownFileType = sourcecode.c.objc; path = main.m; sourceTree = "<group>"; };
		5BE44F7E1FB873C700B09E8E /* Hearts_11.jpg */ = {isa = PBXFileReference; lastKnownFileType = image.jpeg; name = Hearts_11.jpg; path = "CIBugTest/Source Images/Hearts_11.jpg"; sourceTree = SOURCE_ROOT; };
		5BE44F7F1FB873C700B09E8E /* Hearts_00.jpg */ = {isa = PBXFileReference; lastKnownFileType = image.jpeg; name = Hearts_00.jpg; path = "CIBugTest/Source Images/Hearts_00.jpg"; sourceTree = SOURCE_ROOT; };
		5BE44F801FB873C700B09E8E /* Hearts_29.jpg */ = {isa = PBXFileReference; lastKnownFileType = image.jpeg; name = Hearts_29.jpg; path = "CIBugTest/Source Images/Hearts_29.jpg"; sourceTree = SOURCE_ROOT; };
		5BE44F811FB873C700B09E8E /* Hearts_20.jpg */ = {isa = PBXFileReference; lastKnownFileType = image.jpeg; name = Hearts_20.jpg; path = "CIBugTest/Source Images/Hearts_20.jpg"; sourceTree = SOURCE_ROOT; };
		5BE44F821FB873C700B09E8E /* Hearts_25.jpg */ = {isa = PBXFileReference; lastKnownFileType = image.jpeg; name = Hearts_25.jpg; path = "CIBugTest/Source Images/Hearts_25.jpg"; sourceTree = SOURCE_ROOT; };
		5BE44F831FB873C700B09E8E /* Hearts_33.jpg */ = {isa = PBXFileReference; lastKnownFileType = image.jpeg; name = Hearts_33.jpg; path = "CIBugTest/Source Images/Hearts_33.jpg"; sourceTree = SOURCE_ROOT; };
		5BE44F841FB873C700B09E8E /* Hearts_35.jpg */ = {isa = PBXFileReference; lastKnownFileType = image.jpeg; name = Hearts_35.jpg; path = "CIBugTest/Source Images/Hearts_35.jpg"; sourceTree = SOURCE_ROOT; };
		5BE44F851FB873C700B09E8E /* Landscape.jpg */ = {isa = PBXFileReference; lastKnownFileType = image.jpeg; name = Landscape.jpg; path = "CIBugTest/Source Images/Landscape.jpg"; sourceTree = SOURCE_ROOT; };
		5BE44F861FB873C700B09E8E /* Hearts_28.jpg */ = {isa = PBXFileReference; lastKnownFileType = image.jpeg; name = Hearts_28.jpg; path = "CIBugTest/Source Images/Hearts_28.jpg"; sourceTree = SOURCE_ROOT; };
		5BE44F871FB873C700B09E8E /* Hearts_02.jpg */ = {isa = PBXFileReference; lastKnownFileType = image.jpeg; name = Hearts_02.jpg; path = "CIBugTest/Source Images/Hearts_02.jpg"; sourceTree = SOURCE_ROOT; };
		5BE44F881FB873C800B09E8E /* Hearts_22.jpg */ = {isa = PBXFileReference; lastKnownFileType = image.jpeg; name = Hearts_22.jpg; path = "CIBugTest/Source Images/Hearts_22.jpg"; sourceTree = SOURCE_ROOT; };
		5BE44F891FB873C800B09E8E /* Hearts_12.jpg */ = {isa = PBXFileReference; lastKnownFileType = image.jpeg; name = Hearts_12.jpg; path = "CIBugTest/Source Images/Hearts_12.jpg"; sourceTree = SOURCE_ROOT; };
		5BE44F8A1FB873C800B09E8E /* Hearts_30.jpg */ = {isa = PBXFileReference; lastKnownFileType = image.jpeg; name = Hearts_30.jpg; path = "CIBugTest/Source Images/Hearts_30.jpg"; sourceTree = SOURCE_ROOT; };
		5BE44F8B1FB873C800B09E8E /* Hearts_36.jpg */ = {isa = PBXFileReference; lastKnownFileType = image.jpeg; name = Hearts_36.jpg; path = "CIBugTest/Source Images/Hearts_36.jpg"; sourceTree = SOURCE_ROOT; };
		5BE44F8C1FB873C800B09E8E /* Hearts_13.jpg */ = {isa = PBXFileReference; lastKnownFileType = image.jpeg; name = Hearts_13.jpg; path = "CIBugTest/Source Images/Hearts_13.jpg"; sourceTree = SOURCE_ROOT; };
		5BE44F8D1FB873C800B09E8E /* Hearts_21.jpg */ = {isa = PBXFileReference; lastKnownFileType = image.jpeg; name = Hearts_21.jpg; path = "CIBugTest/Source Images/Hearts_21.jpg"; sourceTree = SOURCE_ROOT; };
		5BE44F8E1FB873C800B09E8E /* Hearts_26.jpg */ = {isa = PBXFileReference; lastKnownFileType = image.jpeg; name = Hearts_26.jpg; path = "CIBugTest/Source Images/Hearts_26.jpg"; sourceTree = SOURCE_ROOT; };
		5BE44F8F1FB873C800B09E8E /* Hearts_10.jpg */ = {isa = PBXFileReference; lastKnownFileType = image.jpeg; name = Hearts_10.jpg; path = "CIBugTest/Source Images/Hearts_10.jpg"; sourceTree = SOURCE_ROOT; };
		5BE44F901FB873C800B09E8E /* Hearts_14.jpg */ = {isa = PBXFileReference; lastKnownFileType = image.jpeg; name = Hearts_14.jpg; path = "CIBugTest/Source Images/Hearts_14.jpg"; sourceTree = SOURCE_ROOT; };
		5BE44F911FB873C800B09E8E /* Hearts_45.jpg */ = {isa = PBXFileReference; lastKnownFileType = image.jpeg; name = Hearts_45.jpg; path = "CIBugTest/Source Images/Hearts_45.jpg"; sourceTree = SOURCE_ROOT; };
		5BE44F921FB873C800B09E8E /* Hearts_46.jpg */ = {isa = PBXFileReference; lastKnownFileType = image.jpeg; name = Hearts_46.jpg; path = "CIBugTest/Source Images/Hearts_46.jpg"; sourceTree = SOURCE_ROOT; };
		5BE44F931FB873C800B09E8E /* Hearts_42.jpg */ = {isa = PBXFileReference; lastKnownFileType = image.jpeg; name = Hearts_42.jpg; path = "CIBugTest/Source Images/Hearts_42.jpg"; sourceTree = SOURCE_ROOT; };
		5BE44F941FB873C800B09E8E /* Hearts_09.jpg */ = {isa = PBXFileReference; lastKnownFileType = image.jpeg; name = Hearts_09.jpg; path = "CIBugTest/Source Images/Hearts_09.jpg"; sourceTree = SOURCE_ROOT; };
		5BE44F951FB873C800B09E8E /* Hearts_24.jpg */ = {isa = PBXFileReference; lastKnownFileType = image.jpeg; name = Hearts_24.jpg; path = "CIBugTest/Source Images/Hearts_24.jpg"; sourceTree = SOURCE_ROOT; };
		5BE44F961FB873C800B09E8E /* Hearts_05.jpg */ = {isa = PBXFileReference; lastKnownFileType = image.jpeg; name = Hearts_05.jpg; path = "CIBugTest/Source Images/Hearts_05.jpg"; sourceTree = SOURCE_ROOT; };
		5BE44F971FB873C900B09E8E /* Hearts_34.jpg */ = {isa = PBXFileReference; lastKnownFileType = image.jpeg; name = Hearts_34.jpg; path = "CIBugTest/Source Images/Hearts_34.jpg"; sourceTree = SOURCE_ROOT; };
		5BE44F981FB873C900B09E8E /* Hearts_17.jpg */ = {isa = PBXFileReference; lastKnownFileType = image.jpeg; name = Hearts_17.jpg; path = "CIBugTest/Source Images/Hearts_17.jpg"; sourceTree = SOURCE_ROOT; };
		5BE44F991FB873C900B09E8E /* Hearts_27.jpg */ = {isa = PBXFileReference; lastKnownFileType = image.jpeg; name = Hearts_27.jpg; path = "CIBugTest/Source Images/Hearts_27.jpg"; sourceTree = SOURCE_ROOT; };
		5BE44F9A1FB873C900B09E8E /* Hearts_06.jpg */ = {isa = PBXFileReference; lastKnownFileType = image.jpeg; name = Hearts_06.jpg; path = "CIBugTest/Source Images/Hearts_06.jpg"; sourceTree = SOURCE_ROOT; };
		5BE44F9B1FB873C900B09E8E /* Hearts_44.jpg */ = {isa = PBXFileReference; lastKnownFileType = image.jpeg; name = Hearts_44.jpg; path = "CIBugTest/Source Images/Hearts_44.jpg"; sourceTree = SOURCE_ROOT; };
		5BE44F9C1FB873C900B09E8E /* Hearts_18.jpg */ = {isa = PBXFileReference; lastKnownFileType = image.jpeg; name = Hearts_18.jpg; path = "CIBugTest/Source Images/Hearts_18.jpg"; sourceTree = SOURCE_ROOT; };
		5BE44F9D1FB873C900B09E8E /* Hearts_15.jpg */ = {isa = PBXFileReference; lastKnownFileType = image.jpeg; name = Hearts_15.jpg; path = "CIBugTest/Source Images/Hearts_15.jpg"; sourceTree = SOURCE_ROOT; };
		5BE44F9E1FB873C900B09E8E /* Hearts_47.jpg */ = {isa = PBXFileReference; lastKnownFileType = image.jpeg; name = Hearts_47.jpg; path = "CIBugTest/Source Images/Hearts_47.jpg"; sourceTree = SOURCE_ROOT; };
		5BE44F9F1FB873C900B09E8E /* Hearts_16.jpg */ = {isa = PBXFileReference; lastKnownFileType = image.jpeg; name = Hearts_16.jpg; path = "CIBugTest/Source Images/Hearts_16.jpg"; sourceTree = SOURCE_ROOT; };
		5BE44FA01FB873C900B09E8E /* Hearts_37.jpg */ = {isa = PBXFileReference; lastKnownFileType = image.jpeg; name = Hearts_37.jpg; path = "CIBugTest/Source Images/Hearts_37.jpg"; sourceTree = SOURCE_ROOT; };
		5BE44FA11FB873C900B09E8E /* Hearts_40.jpg */ = {isa = PBXFileReference; lastKnownFileType = image.jpeg; name = Hearts_40.jpg; path = "CIBugTest/Source Images/Hearts_40.jpg"; sourceTree = SOURCE_ROOT; };
		5BE44FA21FB873CA00B09E8E /* Hearts_31.jpg */ = {isa = PBXFileReference; lastKnownFileType = image.jpeg; name = Hearts_31.jpg; path = "CIBugTest/Source Images/Hearts_31.jpg"; sourceTree = SOURCE_ROOT; };
		5BE44FA31FB873CA00B09E8E /* Hearts_08.jpg */ = {isa = PBXFileReference; lastKnownFileType = image.jpeg; name = Hearts_08.jpg; path = "CIBugTest/Source Images/Hearts_08.jpg"; sourceTree = SOURCE_ROOT; };
		5BE44FA41FB873CA00B09E8E /* Hearts_38.jpg */ = {isa = PBXFileReference; lastKnownFileType = image.jpeg; name = Hearts_38.jpg; path = "CIBugTest/Source Images/Hearts_38.jpg"; sourceTree = SOURCE_ROOT; };
		5BE44FA51FB873CA00B09E8E /* Hearts_04.jpg */ = {isa = PBXFileReference; lastKnownFileType = image.jpeg; name = Hearts_04.jpg; path = "CIBugTest/Source Images/Hearts_04.jpg"; sourceTree = SOURCE_ROOT; };
		5BE44FA61FB873CA00B09E8E /* Hearts_01.jpg */ = {isa = PBXFileReference; lastKnownFileType = image.jpeg; name = Hearts_01.jpg; path = "CIBugTest/Source Images/Hearts_01.jpg"; sourceTree = SOURCE_ROOT; };
		5BE44FA71FB873CA00B09E8E /* Hearts_23.jpg */ = {isa = PBXFileReference; lastKnownFileType = image.jpeg; name = Hearts_23.jpg; path = "CIBugTest/Source Images/Hearts_23.jpg"; sourceTree = SOURCE_ROOT; };
		5BE44FA81FB873CA00B09E8E /* Hearts_07.jpg */ = {isa = PBXFileReference; lastKnownFileType = image.jpeg; name = Hearts_07.jpg; path = "CIBugTest/Source Images/Hearts_07.jpg"; sourceTree = SOURCE_ROOT; };
		5BE44FA91FB873CA00B09E8E /* Hearts_32.jpg */ = {isa = PBXFileReference; lastKnownFileType = image.jpeg; name = Hearts_32.jpg; path = "CIBugTest/Source Images/Hearts_32.jpg"; sourceTree = SOURCE_ROOT; };
		5BE44FAA1FB873CB00B09E8E /* Hearts_43.jpg */ = {isa = PBXFileReference; lastKnownFileType = image.jpeg; name = Hearts_43.jpg; path = "CIBugTest/Source Images/Hearts_43.jpg"; sourceTree = SOURCE_ROOT; };
		5BE44FAB1FB873CB00B09E8E /* Hearts_03.jpg */ = {isa = PBXFileReference; lastKnownFileType = image.jpeg; name = Hearts_03.jpg; path = "CIBugTest/Source Images/Hearts_03.jpg"; sourceTree = SOURCE_ROOT; };
		5BE44FAC1FB873CB00B09E8E /* Hearts_19.jpg */ = {isa = PBXFileReference; lastKnownFileType = image.jpeg; name = Hearts_19.jpg; path = "CIBugTest/Source Images/Hearts_19.jpg"; sourceTree = SOURCE_ROOT; };
		5BE44FAD1FB873CB00B09E8E /* Hearts_41.jpg */ = {isa = PBXFileReference; lastKnownFileType = image.jpeg; name = Hearts_41.jpg; path = "CIBugTest/Source Images/Hearts_41.jpg"; sourceTree = SOURCE_ROOT; };
		5BE44FAE1FB873CB00B09E8E /* Hearts_39.jpg */ = {isa = PBXFileReference; lastKnownFileType = image.jpeg; name = Hearts_39.jpg; path = "CIBugTest/Source Images/Hearts_39.jpg"; sourceTree = SOURCE_ROOT; };
/* End PBXFileReference section */

/* Begin PBXFrameworksBuildPhase section */
		5BE44EFB1FB8697D00B09E8E /* Frameworks */ = {
			isa = PBXFrameworksBuildPhase;
			buildActionMask = 2147483647;
			files = (
			);
			runOnlyForDeploymentPostprocessing = 0;
		};
/* End PBXFrameworksBuildPhase section */

/* Begin PBXGroup section */
		5BE44EF51FB8697D00B09E8E = {
			isa = PBXGroup;
			children = (
				5BE44F001FB8697D00B09E8E /* CIBugTest */,
				5BE44EFF1FB8697D00B09E8E /* Products */,
			);
			sourceTree = "<group>";
		};
		5BE44EFF1FB8697D00B09E8E /* Products */ = {
			isa = PBXGroup;
			children = (
				5BE44EFE1FB8697D00B09E8E /* CIBugTest.app */,
			);
			name = Products;
			sourceTree = "<group>";
		};
		5BE44F001FB8697D00B09E8E /* CIBugTest */ = {
			isa = PBXGroup;
			children = (
				5BE44F7D1FB8738900B09E8E /* Source Images */,
				5BE44F011FB8697D00B09E8E /* AppDelegate.h */,
				5BE44F021FB8697D00B09E8E /* AppDelegate.m */,
				5BE44F041FB8697D00B09E8E /* ViewController.h */,
				5BE44F051FB8697D00B09E8E /* ViewController.m */,
				5BE44F071FB8697D00B09E8E /* Main.storyboard */,
				5BE44F0A1FB8697D00B09E8E /* Assets.xcassets */,
				5BE44F0C1FB8697D00B09E8E /* LaunchScreen.storyboard */,
				5BE44F0F1FB8697D00B09E8E /* Info.plist */,
				5BE44F101FB8697D00B09E8E /* main.m */,
			);
			path = CIBugTest;
			sourceTree = "<group>";
		};
		5BE44F7D1FB8738900B09E8E /* Source Images */ = {
			isa = PBXGroup;
			children = (
				5BE44F7F1FB873C700B09E8E /* Hearts_00.jpg */,
				5BE44FA61FB873CA00B09E8E /* Hearts_01.jpg */,
				5BE44F871FB873C700B09E8E /* Hearts_02.jpg */,
				5BE44FAB1FB873CB00B09E8E /* Hearts_03.jpg */,
				5BE44FA51FB873CA00B09E8E /* Hearts_04.jpg */,
				5BE44F961FB873C800B09E8E /* Hearts_05.jpg */,
				5BE44F9A1FB873C900B09E8E /* Hearts_06.jpg */,
				5BE44FA81FB873CA00B09E8E /* Hearts_07.jpg */,
				5BE44FA31FB873CA00B09E8E /* Hearts_08.jpg */,
				5BE44F941FB873C800B09E8E /* Hearts_09.jpg */,
				5BE44F8F1FB873C800B09E8E /* Hearts_10.jpg */,
				5BE44F7E1FB873C700B09E8E /* Hearts_11.jpg */,
				5BE44F891FB873C800B09E8E /* Hearts_12.jpg */,
				5BE44F8C1FB873C800B09E8E /* Hearts_13.jpg */,
				5BE44F901FB873C800B09E8E /* Hearts_14.jpg */,
				5BE44F9D1FB873C900B09E8E /* Hearts_15.jpg */,
				5BE44F9F1FB873C900B09E8E /* Hearts_16.jpg */,
				5BE44F981FB873C900B09E8E /* Hearts_17.jpg */,
				5BE44F9C1FB873C900B09E8E /* Hearts_18.jpg */,
				5BE44FAC1FB873CB00B09E8E /* Hearts_19.jpg */,
				5BE44F811FB873C700B09E8E /* Hearts_20.jpg */,
				5BE44F8D1FB873C800B09E8E /* Hearts_21.jpg */,
				5BE44F881FB873C800B09E8E /* Hearts_22.jpg */,
				5BE44FA71FB873CA00B09E8E /* Hearts_23.jpg */,
				5BE44F951FB873C800B09E8E /* Hearts_24.jpg */,
				5BE44F821FB873C700B09E8E /* Hearts_25.jpg */,
				5BE44F8E1FB873C800B09E8E /* Hearts_26.jpg */,
				5BE44F991FB873C900B09E8E /* Hearts_27.jpg */,
				5BE44F861FB873C700B09E8E /* Hearts_28.jpg */,
				5BE44F801FB873C700B09E8E /* Hearts_29.jpg */,
				5BE44F8A1FB873C800B09E8E /* Hearts_30.jpg */,
				5BE44FA21FB873CA00B09E8E /* Hearts_31.jpg */,
				5BE44FA91FB873CA00B09E8E /* Hearts_32.jpg */,
				5BE44F831FB873C700B09E8E /* Hearts_33.jpg */,
				5BE44F971FB873C900B09E8E /* Hearts_34.jpg */,
				5BE44F841FB873C700B09E8E /* Hearts_35.jpg */,
				5BE44F8B1FB873C800B09E8E /* Hearts_36.jpg */,
				5BE44FA01FB873C900B09E8E /* Hearts_37.jpg */,
				5BE44FA41FB873CA00B09E8E /* Hearts_38.jpg */,
				5BE44FAE1FB873CB00B09E8E /* Hearts_39.jpg */,
				5BE44FA11FB873C900B09E8E /* Hearts_40.jpg */,
				5BE44FAD1FB873CB00B09E8E /* Hearts_41.jpg */,
				5BE44F931FB873C800B09E8E /* Hearts_42.jpg */,
				5BE44FAA1FB873CB00B09E8E /* Hearts_43.jpg */,
				5BE44F9B1FB873C900B09E8E /* Hearts_44.jpg */,
				5BE44F911FB873C800B09E8E /* Hearts_45.jpg */,
				5BE44F921FB873C800B09E8E /* Hearts_46.jpg */,
				5BE44F9E1FB873C900B09E8E /* Hearts_47.jpg */,
				5BE44F851FB873C700B09E8E /* Landscape.jpg */,
			);
			name = "Source Images";
			path = "New Group";
			sourceTree = "<group>";
		};
/* End PBXGroup section */

/* Begin PBXNativeTarget section */
		5BE44EFD1FB8697D00B09E8E /* CIBugTest */ = {
			isa = PBXNativeTarget;
			buildConfigurationList = 5BE44F141FB8697D00B09E8E /* Build configuration list for PBXNativeTarget "CIBugTest" */;
			buildPhases = (
				5BE44EFA1FB8697D00B09E8E /* Sources */,
				5BE44EFB1FB8697D00B09E8E /* Frameworks */,
				5BE44EFC1FB8697D00B09E8E /* Resources */,
			);
			buildRules = (
			);
			dependencies = (
			);
			name = CIBugTest;
			productName = CIBugTest;
			productReference = 5BE44EFE1FB8697D00B09E8E /* CIBugTest.app */;
			productType = "com.apple.product-type.application";
		};
/* End PBXNativeTarget section */

/* Begin PBXProject section */
		5BE44EF61FB8697D00B09E8E /* Project object */ = {
			isa = PBXProject;
			attributes = {
				LastUpgradeCheck = 0910;
				ORGANIZATIONNAME = "Horsie in the Hedge LLP";
				TargetAttributes = {
					5BE44EFD1FB8697D00B09E8E = {
						CreatedOnToolsVersion = 9.1;
						ProvisioningStyle = Automatic;
					};
				};
			};
			buildConfigurationList = 5BE44EF91FB8697D00B09E8E /* Build configuration list for PBXProject "CIBugTest" */;
			compatibilityVersion = "Xcode 8.0";
			developmentRegion = en;
			hasScannedForEncodings = 0;
			knownRegions = (
				en,
				Base,
			);
			mainGroup = 5BE44EF51FB8697D00B09E8E;
			productRefGroup = 5BE44EFF1FB8697D00B09E8E /* Products */;
			projectDirPath = "";
			projectRoot = "";
			targets = (
				5BE44EFD1FB8697D00B09E8E /* CIBugTest */,
			);
		};
/* End PBXProject section */

/* Begin PBXResourcesBuildPhase section */
		5BE44EFC1FB8697D00B09E8E /* Resources */ = {
			isa = PBXResourcesBuildPhase;
			buildActionMask = 2147483647;
			files = (
				5BE44FDA1FB873CB00B09E8E /* Hearts_32.jpg in Resources */,
				5BE44FAF1FB873CB00B09E8E /* Hearts_11.jpg in Resources */,
				5BE44FCD1FB873CB00B09E8E /* Hearts_18.jpg in Resources */,
				5BE44FD01FB873CB00B09E8E /* Hearts_16.jpg in Resources */,
				5BE44FB41FB873CB00B09E8E /* Hearts_33.jpg in Resources */,
				5BE44FB31FB873CB00B09E8E /* Hearts_25.jpg in Resources */,
				5BE44FB11FB873CB00B09E8E /* Hearts_29.jpg in Resources */,
				5BE44FC61FB873CB00B09E8E /* Hearts_24.jpg in Resources */,
				5BE44FDD1FB873CB00B09E8E /* Hearts_19.jpg in Resources */,
				5BE44FD71FB873CB00B09E8E /* Hearts_01.jpg in Resources */,
				5BE44FC31FB873CB00B09E8E /* Hearts_46.jpg in Resources */,
				5BE44FB71FB873CB00B09E8E /* Hearts_28.jpg in Resources */,
				5BE44FD81FB873CB00B09E8E /* Hearts_23.jpg in Resources */,
				5BE44FBB1FB873CB00B09E8E /* Hearts_30.jpg in Resources */,
				5BE44FDF1FB873CB00B09E8E /* Hearts_39.jpg in Resources */,
				5BE44FCB1FB873CB00B09E8E /* Hearts_06.jpg in Resources */,
				5BE44FB01FB873CB00B09E8E /* Hearts_00.jpg in Resources */,
				5BE44FCC1FB873CB00B09E8E /* Hearts_44.jpg in Resources */,
				5BE44FD21FB873CB00B09E8E /* Hearts_40.jpg in Resources */,
				5BE44FD31FB873CB00B09E8E /* Hearts_31.jpg in Resources */,
				5BE44FC81FB873CB00B09E8E /* Hearts_34.jpg in Resources */,
				5BE44FD41FB873CB00B09E8E /* Hearts_08.jpg in Resources */,
				5BE44FCF1FB873CB00B09E8E /* Hearts_47.jpg in Resources */,
				5BE44FC21FB873CB00B09E8E /* Hearts_45.jpg in Resources */,
				5BE44FD91FB873CB00B09E8E /* Hearts_07.jpg in Resources */,
				5BE44FC01FB873CB00B09E8E /* Hearts_10.jpg in Resources */,
				5BE44FC71FB873CB00B09E8E /* Hearts_05.jpg in Resources */,
				5BE44FDB1FB873CB00B09E8E /* Hearts_43.jpg in Resources */,
				5BE44FD61FB873CB00B09E8E /* Hearts_04.jpg in Resources */,
				5BE44FDC1FB873CB00B09E8E /* Hearts_03.jpg in Resources */,
				5BE44FCE1FB873CB00B09E8E /* Hearts_15.jpg in Resources */,
				5BE44FBC1FB873CB00B09E8E /* Hearts_36.jpg in Resources */,
				5BE44F0E1FB8697D00B09E8E /* LaunchScreen.storyboard in Resources */,
				5BE44FBA1FB873CB00B09E8E /* Hearts_12.jpg in Resources */,
				5BE44FBD1FB873CB00B09E8E /* Hearts_13.jpg in Resources */,
				5BE44FB51FB873CB00B09E8E /* Hearts_35.jpg in Resources */,
				5BE44F0B1FB8697D00B09E8E /* Assets.xcassets in Resources */,
				5BE44FB61FB873CB00B09E8E /* Landscape.jpg in Resources */,
				5BE44FD11FB873CB00B09E8E /* Hearts_37.jpg in Resources */,
				5BE44FBF1FB873CB00B09E8E /* Hearts_26.jpg in Resources */,
				5BE44FB91FB873CB00B09E8E /* Hearts_22.jpg in Resources */,
				5BE44FDE1FB873CB00B09E8E /* Hearts_41.jpg in Resources */,
				5BE44FC91FB873CB00B09E8E /* Hearts_17.jpg in Resources */,
				5BE44FBE1FB873CB00B09E8E /* Hearts_21.jpg in Resources */,
				5BE44FB81FB873CB00B09E8E /* Hearts_02.jpg in Resources */,
				5BE44FC51FB873CB00B09E8E /* Hearts_09.jpg in Resources */,
				5BE44FC11FB873CB00B09E8E /* Hearts_14.jpg in Resources */,
				5BE44FD51FB873CB00B09E8E /* Hearts_38.jpg in Resources */,
				5BE44FC41FB873CB00B09E8E /* Hearts_42.jpg in Resources */,
				5BE44FB21FB873CB00B09E8E /* Hearts_20.jpg in Resources */,
				5BE44FCA1FB873CB00B09E8E /* Hearts_27.jpg in Resources */,
				5BE44F091FB8697D00B09E8E /* Main.storyboard in Resources */,
			);
			runOnlyForDeploymentPostprocessing = 0;
		};
/* End PBXResourcesBuildPhase section */

/* Begin PBXSourcesBuildPhase section */
		5BE44EFA1FB8697D00B09E8E /* Sources */ = {
			isa = PBXSourcesBuildPhase;
			buildActionMask = 2147483647;
			files = (
				5BE44F061FB8697D00B09E8E /* ViewController.m in Sources */,
				5BE44F111FB8697D00B09E8E /* main.m in Sources */,
				5BE44F031FB8697D00B09E8E /* AppDelegate.m in Sources */,
			);
			runOnlyForDeploymentPostprocessing = 0;
		};
/* End PBXSourcesBuildPhase section */

/* Begin PBXVariantGroup section */
		5BE44F071FB8697D00B09E8E /* Main.storyboard */ = {
			isa = PBXVariantGroup;
			children = (
				5BE44F081FB8697D00B09E8E /* Base */,
			);
			name = Main.storyboard;
			sourceTree = "<group>";
		};
		5BE44F0C1FB8697D00B09E8E /* LaunchScreen.storyboard */ = {
			isa = PBXVariantGroup;
			children = (
				5BE44F0D1FB8697D00B09E8E /* Base */,
			);
			name = LaunchScreen.storyboard;
			sourceTree = "<group>";
		};
/* End PBXVariantGroup section */

/* Begin XCBuildConfiguration section */
		5BE44F121FB8697D00B09E8E /* Debug */ = {
			isa = XCBuildConfiguration;
			buildSettings = {
				ALWAYS_SEARCH_USER_PATHS = NO;
				CLANG_ANALYZER_NONNULL = YES;
				CLANG_ANALYZER_NUMBER_OBJECT_CONVERSION = YES_AGGRESSIVE;
				CLANG_CXX_LANGUAGE_STANDARD = "gnu++14";
				CLANG_CXX_LIBRARY = "libc++";
				CLANG_ENABLE_MODULES = YES;
				CLANG_ENABLE_OBJC_ARC = YES;
				CLANG_WARN_BLOCK_CAPTURE_AUTORELEASING = YES;
				CLANG_WARN_BOOL_CONVERSION = YES;
				CLANG_WARN_COMMA = YES;
				CLANG_WARN_CONSTANT_CONVERSION = YES;
				CLANG_WARN_DIRECT_OBJC_ISA_USAGE = YES_ERROR;
				CLANG_WARN_DOCUMENTATION_COMMENTS = YES;
				CLANG_WARN_EMPTY_BODY = YES;
				CLANG_WARN_ENUM_CONVERSION = YES;
				CLANG_WARN_INFINITE_RECURSION = YES;
				CLANG_WARN_INT_CONVERSION = YES;
				CLANG_WARN_NON_LITERAL_NULL_CONVERSION = YES;
				CLANG_WARN_OBJC_LITERAL_CONVERSION = YES;
				CLANG_WARN_OBJC_ROOT_CLASS = YES_ERROR;
				CLANG_WARN_RANGE_LOOP_ANALYSIS = YES;
				CLANG_WARN_STRICT_PROTOTYPES = YES;
				CLANG_WARN_SUSPICIOUS_MOVE = YES;
				CLANG_WARN_UNGUARDED_AVAILABILITY = YES_AGGRESSIVE;
				CLANG_WARN_UNREACHABLE_CODE = YES;
				CLANG_WARN__DUPLICATE_METHOD_MATCH = YES;
				CODE_SIGN_IDENTITY = "iPhone Developer";
				COPY_PHASE_STRIP = NO;
				DEBUG_INFORMATION_FORMAT = dwarf;
				ENABLE_STRICT_OBJC_MSGSEND = YES;
				ENABLE_TESTABILITY = YES;
				GCC_C_LANGUAGE_STANDARD = gnu11;
				GCC_DYNAMIC_NO_PIC = NO;
				GCC_NO_COMMON_BLOCKS = YES;
				GCC_OPTIMIZATION_LEVEL = 0;
				GCC_PREPROCESSOR_DEFINITIONS = (
					"DEBUG=1",
					"$(inherited)",
				);
				GCC_WARN_64_TO_32_BIT_CONVERSION = YES;
				GCC_WARN_ABOUT_RETURN_TYPE = YES_ERROR;
				GCC_WARN_UNDECLARED_SELECTOR = YES;
				GCC_WARN_UNINITIALIZED_AUTOS = YES_AGGRESSIVE;
				GCC_WARN_UNUSED_FUNCTION = YES;
				GCC_WARN_UNUSED_VARIABLE = YES;
				IPHONEOS_DEPLOYMENT_TARGET = 11.1;
				MTL_ENABLE_DEBUG_INFO = YES;
				ONLY_ACTIVE_ARCH = YES;
				SDKROOT = iphoneos;
			};
			name = Debug;
		};
		5BE44F131FB8697D00B09E8E /* Release */ = {
			isa = XCBuildConfiguration;
			buildSettings = {
				ALWAYS_SEARCH_USER_PATHS = NO;
				CLANG_ANALYZER_NONNULL = YES;
				CLANG_ANALYZER_NUMBER_OBJECT_CONVERSION = YES_AGGRESSIVE;
				CLANG_CXX_LANGUAGE_STANDARD = "gnu++14";
				CLANG_CXX_LIBRARY = "libc++";
				CLANG_ENABLE_MODULES = YES;
				CLANG_ENABLE_OBJC_ARC = YES;
				CLANG_WARN_BLOCK_CAPTURE_AUTORELEASING = YES;
				CLANG_WARN_BOOL_CONVERSION = YES;
				CLANG_WARN_COMMA = YES;
				CLANG_WARN_CONSTANT_CONVERSION = YES;
				CLANG_WARN_DIRECT_OBJC_ISA_USAGE = YES_ERROR;
				CLANG_WARN_DOCUMENTATION_COMMENTS = YES;
				CLANG_WARN_EMPTY_BODY = YES;
				CLANG_WARN_ENUM_CONVERSION = YES;
				CLANG_WARN_INFINITE_RECURSION = YES;
				CLANG_WARN_INT_CONVERSION = YES;
				CLANG_WARN_NON_LITERAL_NULL_CONVERSION = YES;
				CLANG_WARN_OBJC_LITERAL_CONVERSION = YES;
				CLANG_WARN_OBJC_ROOT_CLASS = YES_ERROR;
				CLANG_WARN_RANGE_LOOP_ANALYSIS = YES;
				CLANG_WARN_STRICT_PROTOTYPES = YES;
				CLANG_WARN_SUSPICIOUS_MOVE = YES;
				CLANG_WARN_UNGUARDED_AVAILABILITY = YES_AGGRESSIVE;
				CLANG_WARN_UNREACHABLE_CODE = YES;
				CLANG_WARN__DUPLICATE_METHOD_MATCH = YES;
				CODE_SIGN_IDENTITY = "iPhone Developer";
				COPY_PHASE_STRIP = NO;
				DEBUG_INFORMATION_FORMAT = "dwarf-with-dsym";
				ENABLE_NS_ASSERTIONS = NO;
				ENABLE_STRICT_OBJC_MSGSEND = YES;
				GCC_C_LANGUAGE_STANDARD = gnu11;
				GCC_NO_COMMON_BLOCKS = YES;
				GCC_WARN_64_TO_32_BIT_CONVERSION = YES;
				GCC_WARN_ABOUT_RETURN_TYPE = YES_ERROR;
				GCC_WARN_UNDECLARED_SELECTOR = YES;
				GCC_WARN_UNINITIALIZED_AUTOS = YES_AGGRESSIVE;
				GCC_WARN_UNUSED_FUNCTION = YES;
				GCC_WARN_UNUSED_VARIABLE = YES;
				IPHONEOS_DEPLOYMENT_TARGET = 11.1;
				MTL_ENABLE_DEBUG_INFO = NO;
				SDKROOT = iphoneos;
				VALIDATE_PRODUCT = YES;
			};
			name = Release;
		};
		5BE44F151FB8697D00B09E8E /* Debug */ = {
			isa = XCBuildConfiguration;
			buildSettings = {
				ASSETCATALOG_COMPILER_APPICON_NAME = AppIcon;
				CODE_SIGN_STYLE = Automatic;
				DEVELOPMENT_TEAM = V7J29L98ZP;
				INFOPLIST_FILE = CIBugTest/Info.plist;
				LD_RUNPATH_SEARCH_PATHS = "$(inherited) @executable_path/Frameworks";
				PRODUCT_BUNDLE_IDENTIFIER = com.HorsieintheHedge.CIBugTest;
				PRODUCT_NAME = "$(TARGET_NAME)";
				TARGETED_DEVICE_FAMILY = "1,2";
			};
			name = Debug;
		};
		5BE44F161FB8697D00B09E8E /* Release */ = {
			isa = XCBuildConfiguration;
			buildSettings = {
				ASSETCATALOG_COMPILER_APPICON_NAME = AppIcon;
				CODE_SIGN_STYLE = Automatic;
				DEVELOPMENT_TEAM = V7J29L98ZP;
				INFOPLIST_FILE = CIBugTest/Info.plist;
				LD_RUNPATH_SEARCH_PATHS = "$(inherited) @executable_path/Frameworks";
				PRODUCT_BUNDLE_IDENTIFIER = com.HorsieintheHedge.CIBugTest;
				PRODUCT_NAME = "$(TARGET_NAME)";
				TARGETED_DEVICE_FAMILY = "1,2";
			};
			name = Release;
		};
/* End XCBuildConfiguration section */

/* Begin XCConfigurationList section */
		5BE44EF91FB8697D00B09E8E /* Build configuration list for PBXProject "CIBugTest" */ = {
			isa = XCConfigurationList;
			buildConfigurations = (
				5BE44F121FB8697D00B09E8E /* Debug */,
				5BE44F131FB8697D00B09E8E /* Release */,
			);
			defaultConfigurationIsVisible = 0;
			defaultConfigurationName = Release;
		};
		5BE44F141FB8697D00B09E8E /* Build configuration list for PBXNativeTarget "CIBugTest" */ = {
			isa = XCConfigurationList;
			buildConfigurations = (
				5BE44F151FB8697D00B09E8E /* Debug */,
				5BE44F161FB8697D00B09E8E /* Release */,
			);
			defaultConfigurationIsVisible = 0;
			defaultConfigurationName = Release;
		};
/* End XCConfigurationList section */
	};
	rootObject = 5BE44EF61FB8697D00B09E8E /* Project object */;
}
